
Microsoft Visual Studio Solution File, Format Version 12.00
# Visual Studio 15
VisualStudioVersion = 15.0.28010.2050
MinimumVisualStudioVersion = 10.0.40219.1
Project("{FAE04EC0-301F-11D3-BF4B-00C04F79EFBC}") = "WhatCanIMake", "WhatCanIMake\WhatCanIMake.csproj", "{CB1C45A3-F92A-498F-85C2-22B2F154C3CE}"
EndProject
Global
	GlobalSection(SolutionConfigurationPlatforms) = preSolution
		Debug|Any CPU = Debug|Any CPU
		Release|Any CPU = Release|Any CPU
	EndGlobalSection
	GlobalSection(ProjectConfigurationPlatforms) = postSolution
		{CB1C45A3-F92A-498F-85C2-22B2F154C3CE}.Debug|Any CPU.ActiveCfg = Debug|Any CPU
		{CB1C45A3-F92A-498F-85C2-22B2F154C3CE}.Debug|Any CPU.Build.0 = Debug|Any CPU
		{CB1C45A3-F92A-498F-85C2-22B2F154C3CE}.Release|Any CPU.ActiveCfg = Release|Any CPU
		{CB1C45A3-F92A-498F-85C2-22B2F154C3CE}.Release|Any CPU.Build.0 = Release|Any CPU
	EndGlobalSection
	GlobalSection(SolutionProperties) = preSolution
		HideSolutionNode = FALSE
	EndGlobalSection
	GlobalSection(ExtensibilityGlobals) = postSolution
		SolutionGuid = {67F2D7EF-89A4-48FB-A1B2-2B8EF9E88EDD}
	EndGlobalSection
EndGlobal
